
Microsoft Visual Studio Solution File, Format Version 12.00
# Visual Studio Version 16
VisualStudioVersion = 16.0.29215.179
MinimumVisualStudioVersion = 10.0.40219.1
Project("{FAE04EC0-301F-11D3-BF4B-00C04F79EFBC}") = "Navigation.Android", "Navigation.Android\Navigation.Android.csproj", "{27DD70AD-728A-4984-9B6A-C06E6522D828}"
EndProject
Project("{FAE04EC0-301F-11D3-BF4B-00C04F79EFBC}") = "Navigation.iOS", "Navigation.iOS\Navigation.iOS.csproj", "{628C83AD-1C95-42E8-AC6D-F0B6F1F89A9E}"
EndProject
Project("{9A19103F-16F7-4668-BE54-9A1E7A4F7556}") = "Navigation", "Navigation\Navigation.csproj", "{C5E9E173-61C6-495F-8C0A-5902D0F61AA1}"
EndProject
Global
	GlobalSection(SolutionConfigurationPlatforms) = preSolution
		Debug|Any CPU = Debug|Any CPU
		Debug|iPhone = Debug|iPhone
		Debug|iPhoneSimulator = Debug|iPhoneSimulator
		Release|Any CPU = Release|Any CPU
		Release|iPhone = Release|iPhone
		Release|iPhoneSimulator = Release|iPhoneSimulator
	EndGlobalSection
	GlobalSection(ProjectConfigurationPlatforms) = postSolution
		{27DD70AD-728A-4984-9B6A-C06E6522D828}.Debug|Any CPU.ActiveCfg = Debug|Any CPU
		{27DD70AD-728A-4984-9B6A-C06E6522D828}.Debug|Any CPU.Build.0 = Debug|Any CPU
		{27DD70AD-728A-4984-9B6A-C06E6522D828}.Debug|Any CPU.Deploy.0 = Debug|Any CPU
		{27DD70AD-728A-4984-9B6A-C06E6522D828}.Debug|iPhone.ActiveCfg = Debug|Any CPU
		{27DD70AD-728A-4984-9B6A-C06E6522D828}.Debug|iPhone.Build.0 = Debug|Any CPU
		{27DD70AD-728A-4984-9B6A-C06E6522D828}.Debug|iPhone.Deploy.0 = Debug|Any CPU
		{27DD70AD-728A-4984-9B6A-C06E6522D828}.Debug|iPhoneSimulator.ActiveCfg = Debug|Any CPU
		{27DD70AD-728A-4984-9B6A-C06E6522D828}.Debug|iPhoneSimulator.Build.0 = Debug|Any CPU
		{27DD70AD-728A-4984-9B6A-C06E6522D828}.Debug|iPhoneSimulator.Deploy.0 = Debug|Any CPU
		{27DD70AD-728A-4984-9B6A-C06E6522D828}.Release|Any CPU.ActiveCfg = Release|Any CPU
		{27DD70AD-728A-4984-9B6A-C06E6522D828}.Release|Any CPU.Build.0 = Release|Any CPU
		{27DD70AD-728A-4984-9B6A-C06E6522D828}.Release|Any CPU.Deploy.0 = Release|Any CPU
		{27DD70AD-728A-4984-9B6A-C06E6522D828}.Release|iPhone.ActiveCfg = Release|Any CPU
		{27DD70AD-728A-4984-9B6A-C06E6522D828}.Release|iPhone.Build.0 = Release|Any CPU
		{27DD70AD-728A-4984-9B6A-C06E6522D828}.Release|iPhone.Deploy.0 = Release|Any CPU
		{27DD70AD-728A-4984-9B6A-C06E6522D828}.Release|iPhoneSimulator.ActiveCfg = Release|Any CPU
		{27DD70AD-728A-4984-9B6A-C06E6522D828}.Release|iPhoneSimulator.Build.0 = Release|Any CPU
		{27DD70AD-728A-4984-9B6A-C06E6522D828}.Release|iPhoneSimulator.Deploy.0 = Release|Any CPU
		{628C83AD-1C95-42E8-AC6D-F0B6F1F89A9E}.Debug|Any CPU.ActiveCfg = Debug|iPhoneSimulator
		{628C83AD-1C95-42E8-AC6D-F0B6F1F89A9E}.Debug|Any CPU.Deploy.0 = Debug|iPhoneSimulator
		{628C83AD-1C95-42E8-AC6D-F0B6F1F89A9E}.Debug|iPhone.ActiveCfg = Debug|iPhone
		{628C83AD-1C95-42E8-AC6D-F0B6F1F89A9E}.Debug|iPhone.Build.0 = Debug|iPhone
		{628C83AD-1C95-42E8-AC6D-F0B6F1F89A9E}.Debug|iPhone.Deploy.0 = Debug|iPhone
		{628C83AD-1C95-42E8-AC6D-F0B6F1F89A9E}.Debug|iPhoneSimulator.ActiveCfg = Debug|iPhoneSimulator
		{628C83AD-1C95-42E8-AC6D-F0B6F1F89A9E}.Debug|iPhoneSimulator.Build.0 = Debug|iPhoneSimulator
		{628C83AD-1C95-42E8-AC6D-F0B6F1F89A9E}.Debug|iPhoneSimulator.Deploy.0 = Debug|iPhoneSimulator
		{628C83AD-1C95-42E8-AC6D-F0B6F1F89A9E}.Release|Any CPU.ActiveCfg = Release|iPhone
		{628C83AD-1C95-42E8-AC6D-F0B6F1F89A9E}.Release|Any CPU.Deploy.0 = Release|iPhone
		{628C83AD-1C95-42E8-AC6D-F0B6F1F89A9E}.Release|iPhone.ActiveCfg = Release|iPhone
		{628C83AD-1C95-42E8-AC6D-F0B6F1F89A9E}.Release|iPhone.Build.0 = Release|iPhone
		{628C83AD-1C95-42E8-AC6D-F0B6F1F89A9E}.Release|iPhone.Deploy.0 = Release|iPhone
		{628C83AD-1C95-42E8-AC6D-F0B6F1F89A9E}.Release|iPhoneSimulator.ActiveCfg = Release|iPhoneSimulator
		{628C83AD-1C95-42E8-AC6D-F0B6F1F89A9E}.Release|iPhoneSimulator.Build.0 = Release|iPhoneSimulator
		{628C83AD-1C95-42E8-AC6D-F0B6F1F89A9E}.Release|iPhoneSimulator.Deploy.0 = Release|iPhoneSimulator
		{C5E9E173-61C6-495F-8C0A-5902D0F61AA1}.Debug|Any CPU.ActiveCfg = Debug|Any CPU
		{C5E9E173-61C6-495F-8C0A-5902D0F61AA1}.Debug|Any CPU.Build.0 = Debug|Any CPU
		{C5E9E173-61C6-495F-8C0A-5902D0F61AA1}.Debug|Any CPU.Deploy.0 = Debug|Any CPU
		{C5E9E173-61C6-495F-8C0A-5902D0F61AA1}.Debug|iPhone.ActiveCfg = Debug|Any CPU
		{C5E9E173-61C6-495F-8C0A-5902D0F61AA1}.Debug|iPhone.Build.0 = Debug|Any CPU
		{C5E9E173-61C6-495F-8C0A-5902D0F61AA1}.Debug|iPhone.Deploy.0 = Debug|Any CPU
		{C5E9E173-61C6-495F-8C0A-5902D0F61AA1}.Debug|iPhoneSimulator.ActiveCfg = Debug|Any CPU
		{C5E9E173-61C6-495F-8C0A-5902D0F61AA1}.Debug|iPhoneSimulator.Build.0 = Debug|Any CPU
		{C5E9E173-61C6-495F-8C0A-5902D0F61AA1}.Debug|iPhoneSimulator.Deploy.0 = Debug|Any CPU
		{C5E9E173-61C6-495F-8C0A-5902D0F61AA1}.Release|Any CPU.ActiveCfg = Release|Any CPU
		{C5E9E173-61C6-495F-8C0A-5902D0F61AA1}.Release|Any CPU.Build.0 = Release|Any CPU
		{C5E9E173-61C6-495F-8C0A-5902D0F61AA1}.Release|Any CPU.Deploy.0 = Release|Any CPU
		{C5E9E173-61C6-495F-8C0A-5902D0F61AA1}.Release|iPhone.ActiveCfg = Release|Any CPU
		{C5E9E173-61C6-495F-8C0A-5902D0F61AA1}.Release|iPhone.Build.0 = Release|Any CPU
		{C5E9E173-61C6-495F-8C0A-5902D0F61AA1}.Release|iPhone.Deploy.0 = Release|Any CPU
		{C5E9E173-61C6-495F-8C0A-5902D0F61AA1}.Release|iPhoneSimulator.ActiveCfg = Release|Any CPU
		{C5E9E173-61C6-495F-8C0A-5902D0F61AA1}.Release|iPhoneSimulator.Build.0 = Release|Any CPU
		{C5E9E173-61C6-495F-8C0A-5902D0F61AA1}.Release|iPhoneSimulator.Deploy.0 = Release|Any CPU
	EndGlobalSection
	GlobalSection(SolutionProperties) = preSolution
		HideSolutionNode = FALSE
	EndGlobalSection
	GlobalSection(ExtensibilityGlobals) = postSolution
		SolutionGuid = {C40071FD-64F3-4046-A5C6-683660787B98}
	EndGlobalSection
EndGlobal
